
Microsoft Visual Studio Solution File, Format Version 12.00
# Visual Studio 15
VisualStudioVersion = 15.0.28010.2041
MinimumVisualStudioVersion = 10.0.40219.1
Project("{FAE04EC0-301F-11D3-BF4B-00C04F79EFBC}") = "PresupuestoDeCuentas2", "PresupuestoDeCuentas2\PresupuestoDeCuentas2.csproj", "{6DB222A7-4B79-4E29-BB6B-2502F958AC12}"
EndProject
Global
	GlobalSection(SolutionConfigurationPlatforms) = preSolution
		Debug|Any CPU = Debug|Any CPU
		Release|Any CPU = Release|Any CPU
	EndGlobalSection
	GlobalSection(ProjectConfigurationPlatforms) = postSolution
		{6DB222A7-4B79-4E29-BB6B-2502F958AC12}.Debug|Any CPU.ActiveCfg = Debug|Any CPU
		{6DB222A7-4B79-4E29-BB6B-2502F958AC12}.Debug|Any CPU.Build.0 = Debug|Any CPU
		{6DB222A7-4B79-4E29-BB6B-2502F958AC12}.Release|Any CPU.ActiveCfg = Release|Any CPU
		{6DB222A7-4B79-4E29-BB6B-2502F958AC12}.Release|Any CPU.Build.0 = Release|Any CPU
	EndGlobalSection
	GlobalSection(SolutionProperties) = preSolution
		HideSolutionNode = FALSE
	EndGlobalSection
	GlobalSection(ExtensibilityGlobals) = postSolution
		SolutionGuid = {6479D052-4204-404B-B0E9-49766A9B0C02}
	EndGlobalSection
EndGlobal
